
Microsoft Visual Studio Solution File, Format Version 12.00
# Visual Studio Version 17
VisualStudioVersion = 17.14.37111.16
MinimumVisualStudioVersion = 10.0.40219.1
Project("{FAE04EC0-301F-11D3-BF4B-00C04F79EFBC}") = "Wpm.Management.Api", "Wpm.Management.Api\Wpm.Management.Api.csproj", "{7276ABE3-34F5-527D-CA26-C3B09151D17B}"
EndProject
Project("{FAE04EC0-301F-11D3-BF4B-00C04F79EFBC}") = "Wpm.Management.Domain", "Wpm.Management.Domain\Wpm.Management.Domain.csproj", "{9DC24A6E-380B-1BBF-E702-CE7DB7F2A387}"
EndProject
Project("{FAE04EC0-301F-11D3-BF4B-00C04F79EFBC}") = "Wpm.Management.Domain.Tests", "Wpm.Management.Domain.Tests\Wpm.Management.Domain.Tests.csproj", "{66F93EBF-77F0-D4AD-18E7-172AC28EB784}"
EndProject
Project("{FAE04EC0-301F-11D3-BF4B-00C04F79EFBC}") = "Wpm.Clinic.Domain", "Wpm.Clinic.Domain\Wpm.Clinic.Domain.csproj", "{A235CD0F-8E77-4F01-B678-70E4F42E0A84}"
EndProject
Project("{FAE04EC0-301F-11D3-BF4B-00C04F79EFBC}") = "Wpm.Clinic.Domain.Tests", "Wpm.Clinic.Domain.Tests\Wpm.Clinic.Domain.Tests.csproj", "{AEBC9F08-65F0-42A5-B922-9F555F055119}"
EndProject
Project("{FAE04EC0-301F-11D3-BF4B-00C04F79EFBC}") = "Wpm.SharedKernel", "Wpm.SharedKernel\Wpm.SharedKernel.csproj", "{EDF032B1-DCCB-4F28-8A8A-D0173CAEEE2C}"
EndProject
Project("{FAE04EC0-301F-11D3-BF4B-00C04F79EFBC}") = "Wpm.Clinic.Api", "Wpm.Clinic.Api\Wpm.Clinic.Api.csproj", "{72406D9F-CE22-43DC-9889-A7486CBA0D6C}"
EndProject
Global
	GlobalSection(SolutionConfigurationPlatforms) = preSolution
		Debug|Any CPU = Debug|Any CPU
		Release|Any CPU = Release|Any CPU
	EndGlobalSection
	GlobalSection(ProjectConfigurationPlatforms) = postSolution
		{7276ABE3-34F5-527D-CA26-C3B09151D17B}.Debug|Any CPU.ActiveCfg = Debug|Any CPU
		{7276ABE3-34F5-527D-CA26-C3B09151D17B}.Debug|Any CPU.Build.0 = Debug|Any CPU
		{7276ABE3-34F5-527D-CA26-C3B09151D17B}.Release|Any CPU.ActiveCfg = Release|Any CPU
		{7276ABE3-34F5-527D-CA26-C3B09151D17B}.Release|Any CPU.Build.0 = Release|Any CPU
		{9DC24A6E-380B-1BBF-E702-CE7DB7F2A387}.Debug|Any CPU.ActiveCfg = Debug|Any CPU
		{9DC24A6E-380B-1BBF-E702-CE7DB7F2A387}.Debug|Any CPU.Build.0 = Debug|Any CPU
		{9DC24A6E-380B-1BBF-E702-CE7DB7F2A387}.Release|Any CPU.ActiveCfg = Release|Any CPU
		{9DC24A6E-380B-1BBF-E702-CE7DB7F2A387}.Release|Any CPU.Build.0 = Release|Any CPU
		{66F93EBF-77F0-D4AD-18E7-172AC28EB784}.Debug|Any CPU.ActiveCfg = Debug|Any CPU
		{66F93EBF-77F0-D4AD-18E7-172AC28EB784}.Debug|Any CPU.Build.0 = Debug|Any CPU
		{66F93EBF-77F0-D4AD-18E7-172AC28EB784}.Release|Any CPU.ActiveCfg = Release|Any CPU
		{66F93EBF-77F0-D4AD-18E7-172AC28EB784}.Release|Any CPU.Build.0 = Release|Any CPU
		{A235CD0F-8E77-4F01-B678-70E4F42E0A84}.Debug|Any CPU.ActiveCfg = Debug|Any CPU
		{A235CD0F-8E77-4F01-B678-70E4F42E0A84}.Debug|Any CPU.Build.0 = Debug|Any CPU
		{A235CD0F-8E77-4F01-B678-70E4F42E0A84}.Release|Any CPU.ActiveCfg = Release|Any CPU
		{A235CD0F-8E77-4F01-B678-70E4F42E0A84}.Release|Any CPU.Build.0 = Release|Any CPU
		{AEBC9F08-65F0-42A5-B922-9F555F055119}.Debug|Any CPU.ActiveCfg = Debug|Any CPU
		{AEBC9F08-65F0-42A5-B922-9F555F055119}.Debug|Any CPU.Build.0 = Debug|Any CPU
		{AEBC9F08-65F0-42A5-B922-9F555F055119}.Release|Any CPU.ActiveCfg = Release|Any CPU
		{AEBC9F08-65F0-42A5-B922-9F555F055119}.Release|Any CPU.Build.0 = Release|Any CPU
		{EDF032B1-DCCB-4F28-8A8A-D0173CAEEE2C}.Debug|Any CPU.ActiveCfg = Debug|Any CPU
		{EDF032B1-DCCB-4F28-8A8A-D0173CAEEE2C}.Debug|Any CPU.Build.0 = Debug|Any CPU
		{EDF032B1-DCCB-4F28-8A8A-D0173CAEEE2C}.Release|Any CPU.ActiveCfg = Release|Any CPU
		{EDF032B1-DCCB-4F28-8A8A-D0173CAEEE2C}.Release|Any CPU.Build.0 = Release|Any CPU
		{72406D9F-CE22-43DC-9889-A7486CBA0D6C}.Debug|Any CPU.ActiveCfg = Debug|Any CPU
		{72406D9F-CE22-43DC-9889-A7486CBA0D6C}.Debug|Any CPU.Build.0 = Debug|Any CPU
		{72406D9F-CE22-43DC-9889-A7486CBA0D6C}.Release|Any CPU.ActiveCfg = Release|Any CPU
		{72406D9F-CE22-43DC-9889-A7486CBA0D6C}.Release|Any CPU.Build.0 = Release|Any CPU
	EndGlobalSection
	GlobalSection(SolutionProperties) = preSolution
		HideSolutionNode = FALSE
	EndGlobalSection
	GlobalSection(ExtensibilityGlobals) = postSolution
		SolutionGuid = {4B07E6DD-503D-4506-AB82-0C74596277F4}
	EndGlobalSection
EndGlobal
